
Microsoft Visual Studio Solution File, Format Version 12.00
# Visual Studio 15
VisualStudioVersion = 15.0.26403.7
MinimumVisualStudioVersion = 10.0.40219.1
Project("{FAE04EC0-301F-11D3-BF4B-00C04F79EFBC}") = "Kest.Infrastruct.Data", "Kest.Infrastruct.Data\Kest.Infrastruct.Data.csproj", "{3059489B-381C-4F09-9A73-D156E2D8B65A}"
EndProject
Project("{FAE04EC0-301F-11D3-BF4B-00C04F79EFBC}") = "Kest.Service", "Kest.Service\Kest.Service.csproj", "{DA68DF75-0590-4581-9F60-C794A694281E}"
EndProject
Project("{FAE04EC0-301F-11D3-BF4B-00C04F79EFBC}") = "Kest.Domain", "Kest.Domain\Kest.Domain.csproj", "{3FB5D787-1CCD-4420-9343-D6B0788AF43B}"
EndProject
Project("{FAE04EC0-301F-11D3-BF4B-00C04F79EFBC}") = "TestApp", "TestApp\TestApp.csproj", "{B356FFA2-420B-4EDD-BF56-214E6CB2321D}"
EndProject
Project("{2150E333-8FDC-42A3-9474-1A3956D46DE8}") = "Core", "Core", "{B12D7C3A-FABF-4A7E-ACFE-A5F7E8C40935}"
EndProject
Project("{FAE04EC0-301F-11D3-BF4B-00C04F79EFBC}") = "Kest.UI", "Kest.UI\Kest.UI.csproj", "{D0068103-1E32-4C47-AB6F-1E0A8841C788}"
EndProject
Global
	GlobalSection(SolutionConfigurationPlatforms) = preSolution
		Debug|Any CPU = Debug|Any CPU
		Release|Any CPU = Release|Any CPU
	EndGlobalSection
	GlobalSection(ProjectConfigurationPlatforms) = postSolution
		{3059489B-381C-4F09-9A73-D156E2D8B65A}.Debug|Any CPU.ActiveCfg = Debug|Any CPU
		{3059489B-381C-4F09-9A73-D156E2D8B65A}.Debug|Any CPU.Build.0 = Debug|Any CPU
		{3059489B-381C-4F09-9A73-D156E2D8B65A}.Release|Any CPU.ActiveCfg = Release|Any CPU
		{3059489B-381C-4F09-9A73-D156E2D8B65A}.Release|Any CPU.Build.0 = Release|Any CPU
		{DA68DF75-0590-4581-9F60-C794A694281E}.Debug|Any CPU.ActiveCfg = Debug|Any CPU
		{DA68DF75-0590-4581-9F60-C794A694281E}.Debug|Any CPU.Build.0 = Debug|Any CPU
		{DA68DF75-0590-4581-9F60-C794A694281E}.Release|Any CPU.ActiveCfg = Release|Any CPU
		{DA68DF75-0590-4581-9F60-C794A694281E}.Release|Any CPU.Build.0 = Release|Any CPU
		{3FB5D787-1CCD-4420-9343-D6B0788AF43B}.Debug|Any CPU.ActiveCfg = Debug|Any CPU
		{3FB5D787-1CCD-4420-9343-D6B0788AF43B}.Debug|Any CPU.Build.0 = Debug|Any CPU
		{3FB5D787-1CCD-4420-9343-D6B0788AF43B}.Release|Any CPU.ActiveCfg = Release|Any CPU
		{3FB5D787-1CCD-4420-9343-D6B0788AF43B}.Release|Any CPU.Build.0 = Release|Any CPU
		{B356FFA2-420B-4EDD-BF56-214E6CB2321D}.Debug|Any CPU.ActiveCfg = Debug|Any CPU
		{B356FFA2-420B-4EDD-BF56-214E6CB2321D}.Debug|Any CPU.Build.0 = Debug|Any CPU
		{B356FFA2-420B-4EDD-BF56-214E6CB2321D}.Release|Any CPU.ActiveCfg = Release|Any CPU
		{B356FFA2-420B-4EDD-BF56-214E6CB2321D}.Release|Any CPU.Build.0 = Release|Any CPU
		{D0068103-1E32-4C47-AB6F-1E0A8841C788}.Debug|Any CPU.ActiveCfg = Debug|Any CPU
		{D0068103-1E32-4C47-AB6F-1E0A8841C788}.Debug|Any CPU.Build.0 = Debug|Any CPU
		{D0068103-1E32-4C47-AB6F-1E0A8841C788}.Release|Any CPU.ActiveCfg = Release|Any CPU
		{D0068103-1E32-4C47-AB6F-1E0A8841C788}.Release|Any CPU.Build.0 = Release|Any CPU
	EndGlobalSection
	GlobalSection(SolutionProperties) = preSolution
		HideSolutionNode = FALSE
	EndGlobalSection
	GlobalSection(ExtensibilityGlobals) = postSolution
		SolutionGuid = {CDA834D0-CC12-40C1-950B-0A0C396685C5}
		EnterpriseLibraryConfigurationToolBinariesPathV6 = packages\EnterpriseLibrary.Common.6.0.1304.0\lib\NET45;packages\EnterpriseLibrary.Data.6.0.1304.0\lib\NET45
	EndGlobalSection
EndGlobal
