
Microsoft Visual Studio Solution File, Format Version 12.00
# Visual Studio 15
VisualStudioVersion = 15.0.26403.7
MinimumVisualStudioVersion = 10.0.40219.1
Project("{FAE04EC0-301F-11D3-BF4B-00C04F79EFBC}") = "Kest.Infrastruct.Data", "Kest.Infrastruct.Data\Kest.Infrastruct.Data.csproj", "{3059489B-381C-4F09-9A73-D156E2D8B65A}"
EndProject
Project("{FAE04EC0-301F-11D3-BF4B-00C04F79EFBC}") = "Kest.Service", "Kest.Service\Kest.Service.csproj", "{DA68DF75-0590-4581-9F60-C794A694281E}"
EndProject
Project("{FAE04EC0-301F-11D3-BF4B-00C04F79EFBC}") = "Kest.Domain", "Kest.Domain\Kest.Domain.csproj", "{3FB5D787-1CCD-4420-9343-D6B0788AF43B}"
EndProject
Global
	GlobalSection(SolutionConfigurationPlatforms) = preSolution
		Debug|Any CPU = Debug|Any CPU
		Release|Any CPU = Release|Any CPU
	EndGlobalSection
	GlobalSection(ProjectConfigurationPlatforms) = postSolution
		{3059489B-381C-4F09-9A73-D156E2D8B65A}.Debug|Any CPU.ActiveCfg = Debug|Any CPU
		{3059489B-381C-4F09-9A73-D156E2D8B65A}.Debug|Any CPU.Build.0 = Debug|Any CPU
		{3059489B-381C-4F09-9A73-D156E2D8B65A}.Release|Any CPU.ActiveCfg = Release|Any CPU
		{3059489B-381C-4F09-9A73-D156E2D8B65A}.Release|Any CPU.Build.0 = Release|Any CPU
		{DA68DF75-0590-4581-9F60-C794A694281E}.Debug|Any CPU.ActiveCfg = Debug|Any CPU
		{DA68DF75-0590-4581-9F60-C794A694281E}.Debug|Any CPU.Build.0 = Debug|Any CPU
		{DA68DF75-0590-4581-9F60-C794A694281E}.Release|Any CPU.ActiveCfg = Release|Any CPU
		{DA68DF75-0590-4581-9F60-C794A694281E}.Release|Any CPU.Build.0 = Release|Any CPU
		{3FB5D787-1CCD-4420-9343-D6B0788AF43B}.Debug|Any CPU.ActiveCfg = Debug|Any CPU
		{3FB5D787-1CCD-4420-9343-D6B0788AF43B}.Debug|Any CPU.Build.0 = Debug|Any CPU
		{3FB5D787-1CCD-4420-9343-D6B0788AF43B}.Release|Any CPU.ActiveCfg = Release|Any CPU
		{3FB5D787-1CCD-4420-9343-D6B0788AF43B}.Release|Any CPU.Build.0 = Release|Any CPU
	EndGlobalSection
	GlobalSection(SolutionProperties) = preSolution
		HideSolutionNode = FALSE
	EndGlobalSection
	GlobalSection(ExtensibilityGlobals) = postSolution
		SolutionGuid = {CDA834D0-CC12-40C1-950B-0A0C396685C5}
	EndGlobalSection
EndGlobal
